Microsoft Visual Studio Solution File, Format Version 12.00
# Visual Studio 2012
Project("{FAE04EC0-301F-11D3-BF4B-00C04F79EFBC}") = "untitled platform game", "untitled platform game.csproj", "{4C74CBEA-D1E9-4A91-AACC-4050B07836BA}"
EndProject
Global
	GlobalSection(SolutionConfigurationPlatforms) = preSolution
	Debug|Any CPU = Debug|Any CPU
	ExportDebug|Any CPU = ExportDebug|Any CPU
	ExportRelease|Any CPU = ExportRelease|Any CPU
	EndGlobalSection
	GlobalSection(ProjectConfigurationPlatforms) = postSolution
		{4C74CBEA-D1E9-4A91-AACC-4050B07836BA}.Debug|Any CPU.ActiveCfg = Debug|Any CPU
		{4C74CBEA-D1E9-4A91-AACC-4050B07836BA}.Debug|Any CPU.Build.0 = Debug|Any CPU
		{4C74CBEA-D1E9-4A91-AACC-4050B07836BA}.ExportDebug|Any CPU.ActiveCfg = ExportDebug|Any CPU
		{4C74CBEA-D1E9-4A91-AACC-4050B07836BA}.ExportDebug|Any CPU.Build.0 = ExportDebug|Any CPU
		{4C74CBEA-D1E9-4A91-AACC-4050B07836BA}.ExportRelease|Any CPU.ActiveCfg = ExportRelease|Any CPU
		{4C74CBEA-D1E9-4A91-AACC-4050B07836BA}.ExportRelease|Any CPU.Build.0 = ExportRelease|Any CPU
	EndGlobalSection
EndGlobal
